
Microsoft Visual Studio Solution File, Format Version 12.00
# Visual Studio 15
VisualStudioVersion = 15.0.28010.2026
MinimumVisualStudioVersion = 10.0.40219.1
Project("{FAE04EC0-301F-11D3-BF4B-00C04F79EFBC}") = "Numeric_Guess_Game", "Numeric_Guess_Game\Numeric_Guess_Game.csproj", "{CD3E0D45-8CE1-428F-8C00-3C1A34C26196}"
EndProject
Project("{FAE04EC0-301F-11D3-BF4B-00C04F79EFBC}") = "UnitTestGuessGameProject", "UnitTestGuessGameProject\UnitTestGuessGameProject.csproj", "{2597CCD7-FA5E-4A3D-9E01-A1DE9D1084F0}"
EndProject
Global
	GlobalSection(SolutionConfigurationPlatforms) = preSolution
		Debug|Any CPU = Debug|Any CPU
		Debug|ARM = Debug|ARM
		Debug|x64 = Debug|x64
		Debug|x86 = Debug|x86
		Release|Any CPU = Release|Any CPU
		Release|ARM = Release|ARM
		Release|x64 = Release|x64
		Release|x86 = Release|x86
	EndGlobalSection
	GlobalSection(ProjectConfigurationPlatforms) = postSolution
		{CD3E0D45-8CE1-428F-8C00-3C1A34C26196}.Debug|Any CPU.ActiveCfg = Debug|Any CPU
		{CD3E0D45-8CE1-428F-8C00-3C1A34C26196}.Debug|Any CPU.Build.0 = Debug|Any CPU
		{CD3E0D45-8CE1-428F-8C00-3C1A34C26196}.Debug|ARM.ActiveCfg = Debug|Any CPU
		{CD3E0D45-8CE1-428F-8C00-3C1A34C26196}.Debug|ARM.Build.0 = Debug|Any CPU
		{CD3E0D45-8CE1-428F-8C00-3C1A34C26196}.Debug|x64.ActiveCfg = Debug|Any CPU
		{CD3E0D45-8CE1-428F-8C00-3C1A34C26196}.Debug|x64.Build.0 = Debug|Any CPU
		{CD3E0D45-8CE1-428F-8C00-3C1A34C26196}.Debug|x86.ActiveCfg = Debug|Any CPU
		{CD3E0D45-8CE1-428F-8C00-3C1A34C26196}.Debug|x86.Build.0 = Debug|Any CPU
		{CD3E0D45-8CE1-428F-8C00-3C1A34C26196}.Release|Any CPU.ActiveCfg = Release|Any CPU
		{CD3E0D45-8CE1-428F-8C00-3C1A34C26196}.Release|Any CPU.Build.0 = Release|Any CPU
		{CD3E0D45-8CE1-428F-8C00-3C1A34C26196}.Release|ARM.ActiveCfg = Release|Any CPU
		{CD3E0D45-8CE1-428F-8C00-3C1A34C26196}.Release|ARM.Build.0 = Release|Any CPU
		{CD3E0D45-8CE1-428F-8C00-3C1A34C26196}.Release|x64.ActiveCfg = Release|Any CPU
		{CD3E0D45-8CE1-428F-8C00-3C1A34C26196}.Release|x64.Build.0 = Release|Any CPU
		{CD3E0D45-8CE1-428F-8C00-3C1A34C26196}.Release|x86.ActiveCfg = Release|Any CPU
		{CD3E0D45-8CE1-428F-8C00-3C1A34C26196}.Release|x86.Build.0 = Release|Any CPU
		{2597CCD7-FA5E-4A3D-9E01-A1DE9D1084F0}.Debug|Any CPU.ActiveCfg = Debug|Any CPU
		{2597CCD7-FA5E-4A3D-9E01-A1DE9D1084F0}.Debug|Any CPU.Build.0 = Debug|Any CPU
		{2597CCD7-FA5E-4A3D-9E01-A1DE9D1084F0}.Debug|ARM.ActiveCfg = Debug|Any CPU
		{2597CCD7-FA5E-4A3D-9E01-A1DE9D1084F0}.Debug|ARM.Build.0 = Debug|Any CPU
		{2597CCD7-FA5E-4A3D-9E01-A1DE9D1084F0}.Debug|x64.ActiveCfg = Debug|Any CPU
		{2597CCD7-FA5E-4A3D-9E01-A1DE9D1084F0}.Debug|x64.Build.0 = Debug|Any CPU
		{2597CCD7-FA5E-4A3D-9E01-A1DE9D1084F0}.Debug|x86.ActiveCfg = Debug|Any CPU
		{2597CCD7-FA5E-4A3D-9E01-A1DE9D1084F0}.Debug|x86.Build.0 = Debug|Any CPU
		{2597CCD7-FA5E-4A3D-9E01-A1DE9D1084F0}.Release|Any CPU.ActiveCfg = Release|Any CPU
		{2597CCD7-FA5E-4A3D-9E01-A1DE9D1084F0}.Release|Any CPU.Build.0 = Release|Any CPU
		{2597CCD7-FA5E-4A3D-9E01-A1DE9D1084F0}.Release|ARM.ActiveCfg = Release|Any CPU
		{2597CCD7-FA5E-4A3D-9E01-A1DE9D1084F0}.Release|ARM.Build.0 = Release|Any CPU
		{2597CCD7-FA5E-4A3D-9E01-A1DE9D1084F0}.Release|x64.ActiveCfg = Release|Any CPU
		{2597CCD7-FA5E-4A3D-9E01-A1DE9D1084F0}.Release|x64.Build.0 = Release|Any CPU
		{2597CCD7-FA5E-4A3D-9E01-A1DE9D1084F0}.Release|x86.ActiveCfg = Release|Any CPU
		{2597CCD7-FA5E-4A3D-9E01-A1DE9D1084F0}.Release|x86.Build.0 = Release|Any CPU
	EndGlobalSection
	GlobalSection(SolutionProperties) = preSolution
		HideSolutionNode = FALSE
	EndGlobalSection
	GlobalSection(ExtensibilityGlobals) = postSolution
		SolutionGuid = {A9D71BF6-224D-45B4-BCC7-47FBC10AC0E3}
	EndGlobalSection
EndGlobal
